
Microsoft Visual Studio Solution File, Format Version 12.00
# Visual Studio 2013
VisualStudioVersion = 12.0.30501.0
MinimumVisualStudioVersion = 10.0.40219.1
Project("{F2A71F9B-5D33-465A-A702-920D77279786}") = "TicTacToe", "TicTacToe\TicTacToe.fsproj", "{A0612FCD-9563-4FE4-9611-64B0A3AF353D}"
EndProject
Global
	GlobalSection(SolutionConfigurationPlatforms) = preSolution
		Debug|Any CPU = Debug|Any CPU
		Release|Any CPU = Release|Any CPU
	EndGlobalSection
	GlobalSection(ProjectConfigurationPlatforms) = postSolution
		{A0612FCD-9563-4FE4-9611-64B0A3AF353D}.Debug|Any CPU.ActiveCfg = Debug|Any CPU
		{A0612FCD-9563-4FE4-9611-64B0A3AF353D}.Debug|Any CPU.Build.0 = Debug|Any CPU
		{A0612FCD-9563-4FE4-9611-64B0A3AF353D}.Release|Any CPU.ActiveCfg = Release|Any CPU
		{A0612FCD-9563-4FE4-9611-64B0A3AF353D}.Release|Any CPU.Build.0 = Release|Any CPU
	EndGlobalSection
	GlobalSection(SolutionProperties) = preSolution
		HideSolutionNode = FALSE
	EndGlobalSection
EndGlobal
