
Microsoft Visual Studio Solution File, Format Version 12.00
# Visual Studio 2013
VisualStudioVersion = 12.0.21005.1
MinimumVisualStudioVersion = 10.0.40219.1
Project("{F2A71F9B-5D33-465A-A702-920D77279786}") = "Primes", "Primes\Primes.fsproj", "{C81C2C3A-05A0-4E7F-8BF8-1B3D4C2EC582}"
EndProject
Global
	GlobalSection(SolutionConfigurationPlatforms) = preSolution
		Debug|Any CPU = Debug|Any CPU
		Release|Any CPU = Release|Any CPU
	EndGlobalSection
	GlobalSection(ProjectConfigurationPlatforms) = postSolution
		{C81C2C3A-05A0-4E7F-8BF8-1B3D4C2EC582}.Debug|Any CPU.ActiveCfg = Debug|Any CPU
		{C81C2C3A-05A0-4E7F-8BF8-1B3D4C2EC582}.Debug|Any CPU.Build.0 = Debug|Any CPU
		{C81C2C3A-05A0-4E7F-8BF8-1B3D4C2EC582}.Release|Any CPU.ActiveCfg = Release|Any CPU
		{C81C2C3A-05A0-4E7F-8BF8-1B3D4C2EC582}.Release|Any CPU.Build.0 = Release|Any CPU
	EndGlobalSection
	GlobalSection(SolutionProperties) = preSolution
		HideSolutionNode = FALSE
	EndGlobalSection
EndGlobal
