
Microsoft Visual Studio Solution File, Format Version 12.00
# Visual Studio 2013
VisualStudioVersion = 12.0.21005.1
MinimumVisualStudioVersion = 10.0.40219.1
Project("{FAE04EC0-301F-11D3-BF4B-00C04F79EFBC}") = "CsStringCalculatorTests", "CsStringCalculatorTests\CsStringCalculatorTests.csproj", "{5055F2F5-9A87-4DA2-89D7-3E3FFCCDE765}"
EndProject
Project("{F2A71F9B-5D33-465A-A702-920D77279786}") = "StringCalculatorLib", "StringCalculatorLib\StringCalculatorLib.fsproj", "{82C4E0FB-E5D7-47A4-82F3-0BD32FA1E5C2}"
EndProject
Global
	GlobalSection(SolutionConfigurationPlatforms) = preSolution
		Debug|Any CPU = Debug|Any CPU
		Release|Any CPU = Release|Any CPU
	EndGlobalSection
	GlobalSection(ProjectConfigurationPlatforms) = postSolution
		{5055F2F5-9A87-4DA2-89D7-3E3FFCCDE765}.Debug|Any CPU.ActiveCfg = Debug|Any CPU
		{5055F2F5-9A87-4DA2-89D7-3E3FFCCDE765}.Debug|Any CPU.Build.0 = Debug|Any CPU
		{5055F2F5-9A87-4DA2-89D7-3E3FFCCDE765}.Release|Any CPU.ActiveCfg = Release|Any CPU
		{5055F2F5-9A87-4DA2-89D7-3E3FFCCDE765}.Release|Any CPU.Build.0 = Release|Any CPU
		{82C4E0FB-E5D7-47A4-82F3-0BD32FA1E5C2}.Debug|Any CPU.ActiveCfg = Debug|Any CPU
		{82C4E0FB-E5D7-47A4-82F3-0BD32FA1E5C2}.Debug|Any CPU.Build.0 = Debug|Any CPU
		{82C4E0FB-E5D7-47A4-82F3-0BD32FA1E5C2}.Release|Any CPU.ActiveCfg = Release|Any CPU
		{82C4E0FB-E5D7-47A4-82F3-0BD32FA1E5C2}.Release|Any CPU.Build.0 = Release|Any CPU
	EndGlobalSection
	GlobalSection(SolutionProperties) = preSolution
		HideSolutionNode = FALSE
	EndGlobalSection
EndGlobal
